
Microsoft Visual Studio Solution File, Format Version 12.00
# Visual Studio Version 16
VisualStudioVersion = 16.0.33529.622
MinimumVisualStudioVersion = 10.0.40219.1
Project("{FAE04EC0-301F-11D3-BF4B-00C04F79EFBC}") = "Sistema _Renovo_Barber", "Sistema _Renovo_Barber.csproj", "{96579F49-4E7D-492A-80A3-36E3C87D0FDE}"
EndProject
Global
	GlobalSection(SolutionConfigurationPlatforms) = preSolution
		Debug|Any CPU = Debug|Any CPU
		Release|Any CPU = Release|Any CPU
	EndGlobalSection
	GlobalSection(ProjectConfigurationPlatforms) = postSolution
		{96579F49-4E7D-492A-80A3-36E3C87D0FDE}.Debug|Any CPU.ActiveCfg = Debug|Any CPU
		{96579F49-4E7D-492A-80A3-36E3C87D0FDE}.Debug|Any CPU.Build.0 = Debug|Any CPU
		{96579F49-4E7D-492A-80A3-36E3C87D0FDE}.Release|Any CPU.ActiveCfg = Release|Any CPU
		{96579F49-4E7D-492A-80A3-36E3C87D0FDE}.Release|Any CPU.Build.0 = Release|Any CPU
	EndGlobalSection
	GlobalSection(SolutionProperties) = preSolution
		HideSolutionNode = FALSE
	EndGlobalSection
	GlobalSection(ExtensibilityGlobals) = postSolution
		SolutionGuid = {4C6AAF1B-6514-4889-8637-658316B321EA}
	EndGlobalSection
EndGlobal
